
Microsoft Visual Studio Solution File, Format Version 12.00
# Visual Studio Version 17
VisualStudioVersion = 17.6.33829.357
MinimumVisualStudioVersion = 10.0.40219.1
Project("{FAE04EC0-301F-11D3-BF4B-00C04F79EFBC}") = "WebApiProject", "WebApiProject\WebApiProject.csproj", "{A92464EB-46F4-4A4B-AB70-261A00A2D630}"
EndProject
Global
	GlobalSection(SolutionConfigurationPlatforms) = preSolution
		Debug|Any CPU = Debug|Any CPU
		Release|Any CPU = Release|Any CPU
	EndGlobalSection
	GlobalSection(ProjectConfigurationPlatforms) = postSolution
		{A92464EB-46F4-4A4B-AB70-261A00A2D630}.Debug|Any CPU.ActiveCfg = Debug|Any CPU
		{A92464EB-46F4-4A4B-AB70-261A00A2D630}.Debug|Any CPU.Build.0 = Debug|Any CPU
		{A92464EB-46F4-4A4B-AB70-261A00A2D630}.Release|Any CPU.ActiveCfg = Release|Any CPU
		{A92464EB-46F4-4A4B-AB70-261A00A2D630}.Release|Any CPU.Build.0 = Release|Any CPU
	EndGlobalSection
	GlobalSection(SolutionProperties) = preSolution
		HideSolutionNode = FALSE
	EndGlobalSection
	GlobalSection(ExtensibilityGlobals) = postSolution
		SolutionGuid = {A7E7EA63-741D-4214-A677-31EEFA0E7F73}
	EndGlobalSection
EndGlobal
